<?xml version="1.0" encoding="utf-8"?>
<Project ToolsVersion="4.0" xmlns="http://schemas.microsoft.com/developer/msbuild/2003">
  <ItemGroup>
    <Filter Include="Source Files">
      <UniqueIdentifier>{4FC737F1-C7A5-4376-A066-2A32D752A2FF}</UniqueIdentifier>
      <Extensions>cpp;c;cc;cxx;def;odl;idl;hpj;bat;asm;asmx</Extensions>
    </Filter>
    <Filter Include="Header Files">
      <UniqueIdentifier>{93995380-89BD-4b04-88EB-625FBE52EBFB}</UniqueIdentifier>
      <Extensions>h;hh;hpp;hxx;hm;inl;inc;xsd</Extensions>
    </Filter>
    <Filter Include="Resource Files">
      <UniqueIdentifier>{67DA6AB6-F800-4c08-8B7A-83BB121AAD01}</UniqueIdentifier>
      <Extensions>rc;ico;cur;bmp;dlg;rc2;rct;bin;rgs;gif;jpg;jpeg;jpe;resx;tiff;tif;png;wav;mfcribbon-ms</Extensions>
    </Filter>
    <Filter Include="textures">
      <UniqueIdentifier>{4cee04ca-b3e2-4077-87a7-4f676fa329f1}</UniqueIdentifier>
    </Filter>
    <Filter Include="levels">
      <UniqueIdentifier>{67f85ce9-5653-41c2-9ad5-9e2d86b2b4ae}</UniqueIdentifier>
    </Filter>
  </ItemGroup>
  <ItemGroup>
    <ClCompile Include="C:\Users\YYY\Desktop\Breakout\app1\app1\ball_object.cpp">
      <Filter>Source Files</Filter>
    </ClCompile>
    <ClCompile Include="C:\Users\YYY\Desktop\Breakout\app1\app1\Game.cpp">
      <Filter>Source Files</Filter>
    </ClCompile>
    <ClCompile Include="C:\Users\YYY\Desktop\Breakout\app1\app1\game_level.cpp">
      <Filter>Source Files</Filter>
    </ClCompile>
    <ClCompile Include="C:\Users\YYY\Desktop\Breakout\app1\app1\game_object.cpp">
      <Filter>Source Files</Filter>
    </ClCompile>
    <ClCompile Include="C:\Users\YYY\Desktop\Breakout\app1\app1\particle_generator.cpp">
      <Filter>Source Files</Filter>
    </ClCompile>
    <ClCompile Include="C:\Users\YYY\Desktop\Breakout\app1\app1\ResourceManager.cpp">
      <Filter>Source Files</Filter>
    </ClCompile>
    <ClCompile Include="C:\Users\YYY\Desktop\Breakout\app1\app1\Shader.cpp">
      <Filter>Source Files</Filter>
    </ClCompile>
    <ClCompile Include="C:\Users\YYY\Desktop\Breakout\app1\app1\Source.cpp">
      <Filter>Source Files</Filter>
    </ClCompile>
    <ClCompile Include="C:\Users\YYY\Desktop\Breakout\app1\app1\SpriteRenderer.cpp">
      <Filter>Source Files</Filter>
    </ClCompile>
    <ClCompile Include="C:\Users\YYY\Desktop\Breakout\app1\app1\Texture.cpp">
      <Filter>Source Files</Filter>
    </ClCompile>
  </ItemGroup>
  <ItemGroup>
    <ClInclude Include="C:\Users\YYY\Desktop\Breakout\app1\app1\ball_object.h">
      <Filter>Header Files</Filter>
    </ClInclude>
    <ClInclude Include="C:\Users\YYY\Desktop\Breakout\app1\app1\Texture.h">
      <Filter>Header Files</Filter>
    </ClInclude>
    <ClInclude Include="C:\Users\YYY\Desktop\Breakout\app1\app1\game.h">
      <Filter>Header Files</Filter>
    </ClInclude>
    <ClInclude Include="C:\Users\YYY\Desktop\Breakout\app1\app1\game_level.h">
      <Filter>Header Files</Filter>
    </ClInclude>
    <ClInclude Include="C:\Users\YYY\Desktop\Breakout\app1\app1\game_object.h">
      <Filter>Header Files</Filter>
    </ClInclude>
    <ClInclude Include="C:\Users\YYY\Desktop\Breakout\app1\app1\particle_generator.h">
      <Filter>Header Files</Filter>
    </ClInclude>
    <ClInclude Include="C:\Users\YYY\Desktop\Breakout\app1\app1\power_up.h">
      <Filter>Header Files</Filter>
    </ClInclude>
    <ClInclude Include="C:\Users\YYY\Desktop\Breakout\app1\app1\resource.h">
      <Filter>Header Files</Filter>
    </ClInclude>
    <ClInclude Include="C:\Users\YYY\Desktop\Breakout\app1\app1\resource_manager.h">
      <Filter>Header Files</Filter>
    </ClInclude>
    <ClInclude Include="C:\Users\YYY\Desktop\Breakout\app1\app1\Shader.h">
      <Filter>Header Files</Filter>
    </ClInclude>
    <ClInclude Include="C:\Users\YYY\Desktop\Breakout\app1\app1\sprite_renderer.h">
      <Filter>Header Files</Filter>
    </ClInclude>
  </ItemGroup>
  <ItemGroup>
    <None Include="C:\Users\YYY\Desktop\Breakout\app1\app1\triangle.vertex">
      <Filter>Source Files</Filter>
    </None>
    <None Include="C:\Users\YYY\Desktop\Breakout\app1\app1\triangle.frag">
      <Filter>Source Files</Filter>
    </None>
    <None Include="levels\four.lvl">
      <Filter>levels</Filter>
    </None>
    <None Include="levels\one.lvl">
      <Filter>levels</Filter>
    </None>
    <None Include="levels\two.lvl">
      <Filter>levels</Filter>
    </None>
    <None Include="C:\Users\YYY\Desktop\Breakout\app1\app1\levels\three.lvl">
      <Filter>levels</Filter>
    </None>
  </ItemGroup>
  <ItemGroup>
    <Image Include="awesomeface.png">
      <Filter>Resource Files</Filter>
    </Image>
    <Image Include="paddle.png">
      <Filter>Resource Files</Filter>
    </Image>
    <Image Include="textures\awesomeface.png">
      <Filter>textures</Filter>
    </Image>
    <Image Include="textures\background.jpg">
      <Filter>textures</Filter>
    </Image>
    <Image Include="textures\background3.jpg">
      <Filter>textures</Filter>
    </Image>
    <Image Include="textures\background4.jpg">
      <Filter>textures</Filter>
    </Image>
    <Image Include="textures\block.png">
      <Filter>textures</Filter>
    </Image>
    <Image Include="textures\block_solid.png">
      <Filter>textures</Filter>
    </Image>
    <Image Include="textures\paddle.png">
      <Filter>textures</Filter>
    </Image>
    <Image Include="textures\particle.png">
      <Filter>textures</Filter>
    </Image>
    <Image Include="textures\powerup_chaos.png">
      <Filter>textures</Filter>
    </Image>
    <Image Include="textures\powerup_confuse.png">
      <Filter>textures</Filter>
    </Image>
    <Image Include="textures\powerup_increase.png">
      <Filter>textures</Filter>
    </Image>
    <Image Include="textures\powerup_passthrough.png">
      <Filter>textures</Filter>
    </Image>
    <Image Include="textures\powerup_speed.png">
      <Filter>textures</Filter>
    </Image>
    <Image Include="textures\powerup_sticky.png">
      <Filter>textures</Filter>
    </Image>
    <Image Include="textures\wall.jpg">
      <Filter>textures</Filter>
    </Image>
  </ItemGroup>
</Project>